
Microsoft Visual Studio Solution File, Format Version 12.00
# Visual Studio Version 16
VisualStudioVersion = 16.0.32228.343
MinimumVisualStudioVersion = 10.0.40219.1
Project("{FAE04EC0-301F-11D3-BF4B-00C04F79EFBC}") = "DuckProject", "DuckProject\DuckProject.csproj", "{274876D8-720F-4D65-A83D-33994C5776A6}"
EndProject
Project("{2150E333-8FDC-42A3-9474-1A3956D46DE8}") = "Solution Items", "Solution Items", "{FEC1B56C-0B24-4E4A-9370-515A2E32E1C4}"
EndProject
Global
	GlobalSection(SolutionConfigurationPlatforms) = preSolution
		Debug|Any CPU = Debug|Any CPU
		Release|Any CPU = Release|Any CPU
	EndGlobalSection
	GlobalSection(ProjectConfigurationPlatforms) = postSolution
		{274876D8-720F-4D65-A83D-33994C5776A6}.Debug|Any CPU.ActiveCfg = Debug|Any CPU
		{274876D8-720F-4D65-A83D-33994C5776A6}.Debug|Any CPU.Build.0 = Debug|Any CPU
		{274876D8-720F-4D65-A83D-33994C5776A6}.Release|Any CPU.ActiveCfg = Release|Any CPU
		{274876D8-720F-4D65-A83D-33994C5776A6}.Release|Any CPU.Build.0 = Release|Any CPU
	EndGlobalSection
	GlobalSection(SolutionProperties) = preSolution
		HideSolutionNode = FALSE
	EndGlobalSection
	GlobalSection(ExtensibilityGlobals) = postSolution
		SolutionGuid = {40A926A2-3F96-4041-966C-DFC41883C6B3}
	EndGlobalSection
EndGlobal
